
Microsoft Visual Studio Solution File, Format Version 12.00
# Visual Studio 14
VisualStudioVersion = 14.0.24720.0
MinimumVisualStudioVersion = 10.0.40219.1
Project("{FAE04EC0-301F-11D3-BF4B-00C04F79EFBC}") = "FuzzyString", "..\fuzzystring\FuzzyString\FuzzyString.csproj", "{2AAA900B-64FB-4874-9444-64AE33ACA970}"
EndProject
Project("{FAE04EC0-301F-11D3-BF4B-00C04F79EFBC}") = "Fasdr.Backend", "..\fasdr.backend\Fasdr.Backend.csproj", "{20F8F9DB-C960-48ED-93E2-FBE95AED3C09}"
EndProject
Project("{FAE04EC0-301F-11D3-BF4B-00C04F79EFBC}") = "Fasdr.UnitTests", "..\Fasdr.UnitTests\Fasdr.UnitTests.csproj", "{EADAFA2D-1F74-4D32-AD9A-9039E30FFA80}"
EndProject
Project("{2150E333-8FDC-42A3-9474-1A3956D46DE8}") = "GitHub", "GitHub", "{C7914313-B32A-4C26-B45D-11A10A45C2F4}"
	ProjectSection(SolutionItems) = preProject
		..\.travis.yml = ..\.travis.yml
	EndProjectSection
EndProject
Global
	GlobalSection(SolutionConfigurationPlatforms) = preSolution
		Debug|Any CPU = Debug|Any CPU
		Debug|ARM = Debug|ARM
		Debug|x64 = Debug|x64
		Debug|x86 = Debug|x86
		Release|Any CPU = Release|Any CPU
		Release|ARM = Release|ARM
		Release|x64 = Release|x64
		Release|x86 = Release|x86
	EndGlobalSection
	GlobalSection(ProjectConfigurationPlatforms) = postSolution
		{2AAA900B-64FB-4874-9444-64AE33ACA970}.Debug|Any CPU.ActiveCfg = Debug|Any CPU
		{2AAA900B-64FB-4874-9444-64AE33ACA970}.Debug|Any CPU.Build.0 = Debug|Any CPU
		{2AAA900B-64FB-4874-9444-64AE33ACA970}.Debug|ARM.ActiveCfg = Debug|Any CPU
		{2AAA900B-64FB-4874-9444-64AE33ACA970}.Debug|ARM.Build.0 = Debug|Any CPU
		{2AAA900B-64FB-4874-9444-64AE33ACA970}.Debug|x64.ActiveCfg = Debug|Any CPU
		{2AAA900B-64FB-4874-9444-64AE33ACA970}.Debug|x64.Build.0 = Debug|Any CPU
		{2AAA900B-64FB-4874-9444-64AE33ACA970}.Debug|x86.ActiveCfg = Debug|Any CPU
		{2AAA900B-64FB-4874-9444-64AE33ACA970}.Debug|x86.Build.0 = Debug|Any CPU
		{2AAA900B-64FB-4874-9444-64AE33ACA970}.Release|Any CPU.ActiveCfg = Release|Any CPU
		{2AAA900B-64FB-4874-9444-64AE33ACA970}.Release|Any CPU.Build.0 = Release|Any CPU
		{2AAA900B-64FB-4874-9444-64AE33ACA970}.Release|ARM.ActiveCfg = Release|Any CPU
		{2AAA900B-64FB-4874-9444-64AE33ACA970}.Release|ARM.Build.0 = Release|Any CPU
		{2AAA900B-64FB-4874-9444-64AE33ACA970}.Release|x64.ActiveCfg = Release|Any CPU
		{2AAA900B-64FB-4874-9444-64AE33ACA970}.Release|x64.Build.0 = Release|Any CPU
		{2AAA900B-64FB-4874-9444-64AE33ACA970}.Release|x86.ActiveCfg = Release|Any CPU
		{2AAA900B-64FB-4874-9444-64AE33ACA970}.Release|x86.Build.0 = Release|Any CPU
		{20F8F9DB-C960-48ED-93E2-FBE95AED3C09}.Debug|Any CPU.ActiveCfg = Debug|Any CPU
		{20F8F9DB-C960-48ED-93E2-FBE95AED3C09}.Debug|Any CPU.Build.0 = Debug|Any CPU
		{20F8F9DB-C960-48ED-93E2-FBE95AED3C09}.Debug|ARM.ActiveCfg = Debug|Any CPU
		{20F8F9DB-C960-48ED-93E2-FBE95AED3C09}.Debug|ARM.Build.0 = Debug|Any CPU
		{20F8F9DB-C960-48ED-93E2-FBE95AED3C09}.Debug|x64.ActiveCfg = Debug|Any CPU
		{20F8F9DB-C960-48ED-93E2-FBE95AED3C09}.Debug|x64.Build.0 = Debug|Any CPU
		{20F8F9DB-C960-48ED-93E2-FBE95AED3C09}.Debug|x86.ActiveCfg = Debug|Any CPU
		{20F8F9DB-C960-48ED-93E2-FBE95AED3C09}.Debug|x86.Build.0 = Debug|Any CPU
		{20F8F9DB-C960-48ED-93E2-FBE95AED3C09}.Release|Any CPU.ActiveCfg = Release|Any CPU
		{20F8F9DB-C960-48ED-93E2-FBE95AED3C09}.Release|Any CPU.Build.0 = Release|Any CPU
		{20F8F9DB-C960-48ED-93E2-FBE95AED3C09}.Release|ARM.ActiveCfg = Release|Any CPU
		{20F8F9DB-C960-48ED-93E2-FBE95AED3C09}.Release|ARM.Build.0 = Release|Any CPU
		{20F8F9DB-C960-48ED-93E2-FBE95AED3C09}.Release|x64.ActiveCfg = Release|Any CPU
		{20F8F9DB-C960-48ED-93E2-FBE95AED3C09}.Release|x64.Build.0 = Release|Any CPU
		{20F8F9DB-C960-48ED-93E2-FBE95AED3C09}.Release|x86.ActiveCfg = Release|Any CPU
		{20F8F9DB-C960-48ED-93E2-FBE95AED3C09}.Release|x86.Build.0 = Release|Any CPU
		{EADAFA2D-1F74-4D32-AD9A-9039E30FFA80}.Debug|Any CPU.ActiveCfg = Debug|Any CPU
		{EADAFA2D-1F74-4D32-AD9A-9039E30FFA80}.Debug|Any CPU.Build.0 = Debug|Any CPU
		{EADAFA2D-1F74-4D32-AD9A-9039E30FFA80}.Debug|ARM.ActiveCfg = Debug|Any CPU
		{EADAFA2D-1F74-4D32-AD9A-9039E30FFA80}.Debug|ARM.Build.0 = Debug|Any CPU
		{EADAFA2D-1F74-4D32-AD9A-9039E30FFA80}.Debug|x64.ActiveCfg = Debug|Any CPU
		{EADAFA2D-1F74-4D32-AD9A-9039E30FFA80}.Debug|x64.Build.0 = Debug|Any CPU
		{EADAFA2D-1F74-4D32-AD9A-9039E30FFA80}.Debug|x86.ActiveCfg = Debug|Any CPU
		{EADAFA2D-1F74-4D32-AD9A-9039E30FFA80}.Debug|x86.Build.0 = Debug|Any CPU
		{EADAFA2D-1F74-4D32-AD9A-9039E30FFA80}.Release|Any CPU.ActiveCfg = Release|Any CPU
		{EADAFA2D-1F74-4D32-AD9A-9039E30FFA80}.Release|Any CPU.Build.0 = Release|Any CPU
		{EADAFA2D-1F74-4D32-AD9A-9039E30FFA80}.Release|ARM.ActiveCfg = Release|Any CPU
		{EADAFA2D-1F74-4D32-AD9A-9039E30FFA80}.Release|ARM.Build.0 = Release|Any CPU
		{EADAFA2D-1F74-4D32-AD9A-9039E30FFA80}.Release|x64.ActiveCfg = Release|Any CPU
		{EADAFA2D-1F74-4D32-AD9A-9039E30FFA80}.Release|x64.Build.0 = Release|Any CPU
		{EADAFA2D-1F74-4D32-AD9A-9039E30FFA80}.Release|x86.ActiveCfg = Release|Any CPU
		{EADAFA2D-1F74-4D32-AD9A-9039E30FFA80}.Release|x86.Build.0 = Release|Any CPU
	EndGlobalSection
	GlobalSection(SolutionProperties) = preSolution
		HideSolutionNode = FALSE
	EndGlobalSection
EndGlobal
